Microsoft Visual Studio Solution File, Format Version 12.00
# Visual Studio 15
VisualStudioVersion = 15.0.27703.2042
MinimumVisualStudioVersion = 10.0.40219.1
Project("{9A19103F-16F7-4668-BE54-9A1E7A4F7556}") = "PlacesSearchBar", "PlacesSearchBar\PlacesSearchBar.csproj", "{DE49953C-3F8E-4901-9057-C0239AB27917}"
EndProject
Project("{FAE04EC0-301F-11D3-BF4B-00C04F79EFBC}") = "PlacesBarExamples.Droid", "PlacesBarExamples\PlacesBarExamples.Droid\PlacesBarExamples.Droid.csproj", "{BBE4B993-01B2-4440-9BD1-B3D9019BF390}"
EndProject
Project("{FAE04EC0-301F-11D3-BF4B-00C04F79EFBC}") = "PlacesBarExamples.iOS", "PlacesBarExamples\PlacesBarExamples.iOS\PlacesBarExamples.iOS.csproj", "{E84D6F48-B7DA-4584-926D-4480A9E31370}"
EndProject
Project("{FAE04EC0-301F-11D3-BF4B-00C04F79EFBC}") = "PlacesBarExamples", "PlacesBarExamples\PlacesBarExamples\PlacesBarExamples.csproj", "{166DE862-5282-4BCA-AE5C-4DDFB1059913}"
EndProject
Global
	GlobalSection(SolutionConfigurationPlatforms) = preSolution
		Ad-Hoc|Any CPU = Ad-Hoc|Any CPU
		Ad-Hoc|iPhone = Ad-Hoc|iPhone
		Ad-Hoc|iPhoneSimulator = Ad-Hoc|iPhoneSimulator
		AppStore|Any CPU = AppStore|Any CPU
		AppStore|iPhone = AppStore|iPhone
		AppStore|iPhoneSimulator = AppStore|iPhoneSimulator
		Debug|Any CPU = Debug|Any CPU
		Debug|iPhone = Debug|iPhone
		Debug|iPhoneSimulator = Debug|iPhoneSimulator
		Release|Any CPU = Release|Any CPU
		Release|iPhone = Release|iPhone
		Release|iPhoneSimulator = Release|iPhoneSimulator
	EndGlobalSection
	GlobalSection(ProjectConfigurationPlatforms) = postSolution
		{DE49953C-3F8E-4901-9057-C0239AB27917}.Ad-Hoc|Any CPU.ActiveCfg = Release|Any CPU
		{DE49953C-3F8E-4901-9057-C0239AB27917}.Ad-Hoc|Any CPU.Build.0 = Release|Any CPU
		{DE49953C-3F8E-4901-9057-C0239AB27917}.Ad-Hoc|iPhone.ActiveCfg = Release|Any CPU
		{DE49953C-3F8E-4901-9057-C0239AB27917}.Ad-Hoc|iPhone.Build.0 = Release|Any CPU
		{DE49953C-3F8E-4901-9057-C0239AB27917}.Ad-Hoc|iPhoneSimulator.ActiveCfg = Release|Any CPU
		{DE49953C-3F8E-4901-9057-C0239AB27917}.Ad-Hoc|iPhoneSimulator.Build.0 = Release|Any CPU
		{DE49953C-3F8E-4901-9057-C0239AB27917}.AppStore|Any CPU.ActiveCfg = Release|Any CPU
		{DE49953C-3F8E-4901-9057-C0239AB27917}.AppStore|Any CPU.Build.0 = Release|Any CPU
		{DE49953C-3F8E-4901-9057-C0239AB27917}.AppStore|iPhone.ActiveCfg = Release|Any CPU
		{DE49953C-3F8E-4901-9057-C0239AB27917}.AppStore|iPhone.Build.0 = Release|Any CPU
		{DE49953C-3F8E-4901-9057-C0239AB27917}.AppStore|iPhoneSimulator.ActiveCfg = Release|Any CPU
		{DE49953C-3F8E-4901-9057-C0239AB27917}.AppStore|iPhoneSimulator.Build.0 = Release|Any CPU
		{DE49953C-3F8E-4901-9057-C0239AB27917}.Debug|Any CPU.ActiveCfg = Debug|Any CPU
		{DE49953C-3F8E-4901-9057-C0239AB27917}.Debug|Any CPU.Build.0 = Debug|Any CPU
		{DE49953C-3F8E-4901-9057-C0239AB27917}.Debug|iPhone.ActiveCfg = Debug|Any CPU
		{DE49953C-3F8E-4901-9057-C0239AB27917}.Debug|iPhone.Build.0 = Debug|Any CPU
		{DE49953C-3F8E-4901-9057-C0239AB27917}.Debug|iPhoneSimulator.ActiveCfg = Debug|Any CPU
		{DE49953C-3F8E-4901-9057-C0239AB27917}.Debug|iPhoneSimulator.Build.0 = Debug|Any CPU
		{DE49953C-3F8E-4901-9057-C0239AB27917}.Release|Any CPU.ActiveCfg = Release|Any CPU
		{DE49953C-3F8E-4901-9057-C0239AB27917}.Release|Any CPU.Build.0 = Release|Any CPU
		{DE49953C-3F8E-4901-9057-C0239AB27917}.Release|iPhone.ActiveCfg = Release|Any CPU
		{DE49953C-3F8E-4901-9057-C0239AB27917}.Release|iPhone.Build.0 = Release|Any CPU
		{DE49953C-3F8E-4901-9057-C0239AB27917}.Release|iPhoneSimulator.ActiveCfg = Release|Any CPU
		{DE49953C-3F8E-4901-9057-C0239AB27917}.Release|iPhoneSimulator.Build.0 = Release|Any CPU
		{BBE4B993-01B2-4440-9BD1-B3D9019BF390}.Ad-Hoc|Any CPU.ActiveCfg = Release|Any CPU
		{BBE4B993-01B2-4440-9BD1-B3D9019BF390}.Ad-Hoc|Any CPU.Build.0 = Release|Any CPU
		{BBE4B993-01B2-4440-9BD1-B3D9019BF390}.Ad-Hoc|Any CPU.Deploy.0 = Release|Any CPU
		{BBE4B993-01B2-4440-9BD1-B3D9019BF390}.Ad-Hoc|iPhone.ActiveCfg = Release|Any CPU
		{BBE4B993-01B2-4440-9BD1-B3D9019BF390}.Ad-Hoc|iPhone.Build.0 = Release|Any CPU
		{BBE4B993-01B2-4440-9BD1-B3D9019BF390}.Ad-Hoc|iPhone.Deploy.0 = Release|Any CPU
		{BBE4B993-01B2-4440-9BD1-B3D9019BF390}.Ad-Hoc|iPhoneSimulator.ActiveCfg = Release|Any CPU
		{BBE4B993-01B2-4440-9BD1-B3D9019BF390}.Ad-Hoc|iPhoneSimulator.Build.0 = Release|Any CPU
		{BBE4B993-01B2-4440-9BD1-B3D9019BF390}.Ad-Hoc|iPhoneSimulator.Deploy.0 = Release|Any CPU
		{BBE4B993-01B2-4440-9BD1-B3D9019BF390}.AppStore|Any CPU.ActiveCfg = Release|Any CPU
		{BBE4B993-01B2-4440-9BD1-B3D9019BF390}.AppStore|Any CPU.Build.0 = Release|Any CPU
		{BBE4B993-01B2-4440-9BD1-B3D9019BF390}.AppStore|Any CPU.Deploy.0 = Release|Any CPU
		{BBE4B993-01B2-4440-9BD1-B3D9019BF390}.AppStore|iPhone.ActiveCfg = Release|Any CPU
		{BBE4B993-01B2-4440-9BD1-B3D9019BF390}.AppStore|iPhone.Build.0 = Release|Any CPU
		{BBE4B993-01B2-4440-9BD1-B3D9019BF390}.AppStore|iPhone.Deploy.0 = Release|Any CPU
		{BBE4B993-01B2-4440-9BD1-B3D9019BF390}.AppStore|iPhoneSimulator.ActiveCfg = Release|Any CPU
		{BBE4B993-01B2-4440-9BD1-B3D9019BF390}.AppStore|iPhoneSimulator.Build.0 = Release|Any CPU
		{BBE4B993-01B2-4440-9BD1-B3D9019BF390}.AppStore|iPhoneSimulator.Deploy.0 = Release|Any CPU
		{BBE4B993-01B2-4440-9BD1-B3D9019BF390}.Debug|Any CPU.ActiveCfg = Debug|Any CPU
		{BBE4B993-01B2-4440-9BD1-B3D9019BF390}.Debug|Any CPU.Build.0 = Debug|Any CPU
		{BBE4B993-01B2-4440-9BD1-B3D9019BF390}.Debug|Any CPU.Deploy.0 = Debug|Any CPU
		{BBE4B993-01B2-4440-9BD1-B3D9019BF390}.Debug|iPhone.ActiveCfg = Debug|Any CPU
		{BBE4B993-01B2-4440-9BD1-B3D9019BF390}.Debug|iPhone.Build.0 = Debug|Any CPU
		{BBE4B993-01B2-4440-9BD1-B3D9019BF390}.Debug|iPhone.Deploy.0 = Debug|Any CPU
		{BBE4B993-01B2-4440-9BD1-B3D9019BF390}.Debug|iPhoneSimulator.ActiveCfg = Debug|Any CPU
		{BBE4B993-01B2-4440-9BD1-B3D9019BF390}.Debug|iPhoneSimulator.Build.0 = Debug|Any CPU
		{BBE4B993-01B2-4440-9BD1-B3D9019BF390}.Debug|iPhoneSimulator.Deploy.0 = Debug|Any CPU
		{BBE4B993-01B2-4440-9BD1-B3D9019BF390}.Release|Any CPU.ActiveCfg = Release|Any CPU
		{BBE4B993-01B2-4440-9BD1-B3D9019BF390}.Release|Any CPU.Build.0 = Release|Any CPU
		{BBE4B993-01B2-4440-9BD1-B3D9019BF390}.Release|Any CPU.Deploy.0 = Release|Any CPU
		{BBE4B993-01B2-4440-9BD1-B3D9019BF390}.Release|iPhone.ActiveCfg = Release|Any CPU
		{BBE4B993-01B2-4440-9BD1-B3D9019BF390}.Release|iPhone.Build.0 = Release|Any CPU
		{BBE4B993-01B2-4440-9BD1-B3D9019BF390}.Release|iPhone.Deploy.0 = Release|Any CPU
		{BBE4B993-01B2-4440-9BD1-B3D9019BF390}.Release|iPhoneSimulator.ActiveCfg = Release|Any CPU
		{BBE4B993-01B2-4440-9BD1-B3D9019BF390}.Release|iPhoneSimulator.Build.0 = Release|Any CPU
		{BBE4B993-01B2-4440-9BD1-B3D9019BF390}.Release|iPhoneSimulator.Deploy.0 = Release|Any CPU
		{E84D6F48-B7DA-4584-926D-4480A9E31370}.Ad-Hoc|Any CPU.ActiveCfg = Ad-Hoc|iPhone
		{E84D6F48-B7DA-4584-926D-4480A9E31370}.Ad-Hoc|iPhone.ActiveCfg = Ad-Hoc|iPhone
		{E84D6F48-B7DA-4584-926D-4480A9E31370}.Ad-Hoc|iPhone.Build.0 = Ad-Hoc|iPhone
		{E84D6F48-B7DA-4584-926D-4480A9E31370}.Ad-Hoc|iPhoneSimulator.ActiveCfg = Ad-Hoc|iPhoneSimulator
		{E84D6F48-B7DA-4584-926D-4480A9E31370}.Ad-Hoc|iPhoneSimulator.Build.0 = Ad-Hoc|iPhoneSimulator
		{E84D6F48-B7DA-4584-926D-4480A9E31370}.AppStore|Any CPU.ActiveCfg = AppStore|iPhone
		{E84D6F48-B7DA-4584-926D-4480A9E31370}.AppStore|iPhone.ActiveCfg = AppStore|iPhone
		{E84D6F48-B7DA-4584-926D-4480A9E31370}.AppStore|iPhone.Build.0 = AppStore|iPhone
		{E84D6F48-B7DA-4584-926D-4480A9E31370}.AppStore|iPhoneSimulator.ActiveCfg = AppStore|iPhoneSimulator
		{E84D6F48-B7DA-4584-926D-4480A9E31370}.AppStore|iPhoneSimulator.Build.0 = AppStore|iPhoneSimulator
		{E84D6F48-B7DA-4584-926D-4480A9E31370}.Debug|Any CPU.ActiveCfg = Debug|iPhone
		{E84D6F48-B7DA-4584-926D-4480A9E31370}.Debug|iPhone.ActiveCfg = Debug|iPhone
		{E84D6F48-B7DA-4584-926D-4480A9E31370}.Debug|iPhone.Build.0 = Debug|iPhone
		{E84D6F48-B7DA-4584-926D-4480A9E31370}.Debug|iPhoneSimulator.ActiveCfg = Debug|iPhoneSimulator
		{E84D6F48-B7DA-4584-926D-4480A9E31370}.Debug|iPhoneSimulator.Build.0 = Debug|iPhoneSimulator
		{E84D6F48-B7DA-4584-926D-4480A9E31370}.Release|Any CPU.ActiveCfg = Release|iPhone
		{E84D6F48-B7DA-4584-926D-4480A9E31370}.Release|iPhone.ActiveCfg = Release|iPhone
		{E84D6F48-B7DA-4584-926D-4480A9E31370}.Release|iPhone.Build.0 = Release|iPhone
		{E84D6F48-B7DA-4584-926D-4480A9E31370}.Release|iPhoneSimulator.ActiveCfg = Release|iPhoneSimulator
		{E84D6F48-B7DA-4584-926D-4480A9E31370}.Release|iPhoneSimulator.Build.0 = Release|iPhoneSimulator
		{166DE862-5282-4BCA-AE5C-4DDFB1059913}.Ad-Hoc|Any CPU.ActiveCfg = Debug|Any CPU
		{166DE862-5282-4BCA-AE5C-4DDFB1059913}.Ad-Hoc|Any CPU.Build.0 = Debug|Any CPU
		{166DE862-5282-4BCA-AE5C-4DDFB1059913}.Ad-Hoc|iPhone.ActiveCfg = Debug|Any CPU
		{166DE862-5282-4BCA-AE5C-4DDFB1059913}.Ad-Hoc|iPhone.Build.0 = Debug|Any CPU
		{166DE862-5282-4BCA-AE5C-4DDFB1059913}.Ad-Hoc|iPhoneSimulator.ActiveCfg = Debug|Any CPU
		{166DE862-5282-4BCA-AE5C-4DDFB1059913}.Ad-Hoc|iPhoneSimulator.Build.0 = Debug|Any CPU
		{166DE862-5282-4BCA-AE5C-4DDFB1059913}.AppStore|Any CPU.ActiveCfg = Debug|Any CPU
		{166DE862-5282-4BCA-AE5C-4DDFB1059913}.AppStore|Any CPU.Build.0 = Debug|Any CPU
		{166DE862-5282-4BCA-AE5C-4DDFB1059913}.AppStore|iPhone.ActiveCfg = Debug|Any CPU
		{166DE862-5282-4BCA-AE5C-4DDFB1059913}.AppStore|iPhone.Build.0 = Debug|Any CPU
		{166DE862-5282-4BCA-AE5C-4DDFB1059913}.AppStore|iPhoneSimulator.ActiveCfg = Debug|Any CPU
		{166DE862-5282-4BCA-AE5C-4DDFB1059913}.AppStore|iPhoneSimulator.Build.0 = Debug|Any CPU
		{166DE862-5282-4BCA-AE5C-4DDFB1059913}.Debug|Any CPU.ActiveCfg = Debug|Any CPU
		{166DE862-5282-4BCA-AE5C-4DDFB1059913}.Debug|Any CPU.Build.0 = Debug|Any CPU
		{166DE862-5282-4BCA-AE5C-4DDFB1059913}.Debug|iPhone.ActiveCfg = Debug|Any CPU
		{166DE862-5282-4BCA-AE5C-4DDFB1059913}.Debug|iPhone.Build.0 = Debug|Any CPU
		{166DE862-5282-4BCA-AE5C-4DDFB1059913}.Debug|iPhoneSimulator.ActiveCfg = Debug|Any CPU
		{166DE862-5282-4BCA-AE5C-4DDFB1059913}.Debug|iPhoneSimulator.Build.0 = Debug|Any CPU
		{166DE862-5282-4BCA-AE5C-4DDFB1059913}.Release|Any CPU.ActiveCfg = Release|Any CPU
		{166DE862-5282-4BCA-AE5C-4DDFB1059913}.Release|Any CPU.Build.0 = Release|Any CPU
		{166DE862-5282-4BCA-AE5C-4DDFB1059913}.Release|iPhone.ActiveCfg = Release|Any CPU
		{166DE862-5282-4BCA-AE5C-4DDFB1059913}.Release|iPhone.Build.0 = Release|Any CPU
		{166DE862-5282-4BCA-AE5C-4DDFB1059913}.Release|iPhoneSimulator.ActiveCfg = Release|Any CPU
		{166DE862-5282-4BCA-AE5C-4DDFB1059913}.Release|iPhoneSimulator.Build.0 = Release|Any CPU
	EndGlobalSection
	GlobalSection(SolutionProperties) = preSolution
		HideSolutionNode = FALSE
	EndGlobalSection
	GlobalSection(ExtensibilityGlobals) = postSolution
		SolutionGuid = {6EAB79BE-DC9C-41D2-BF95-543E40A22D18}
	EndGlobalSection
EndGlobal
